{
	"@bendn/gdcli": {
		"version": "1.2.5",
		"integrity": "sha512-/YOAd1+K4JlKvPTmpX8B7VWxGtFrxKq4R0A6u5qOaaVPK6uGsl4dGZaIHpxuqcurEcwPEOabkoShXKZaOXB0lw=="
	},
	"@bendn/stockfish.gd": {
		"version": "2.1.2",
		"integrity": "sha512-QvJ/d8rRaaz2Q0EchaA4ub2quqAsiQowIRyBhGe7HG4OCnANbhFaoN9id1tSbUG70G+ZIQ7ZZQVQmIBKKQJX7A=="
	}
}